{
  "object": {
    "pins": [
      {
        "package": "Alamofire",
        "repositoryURL": "https://github.com/Alamofire/Alamofire.git",
        "state": {
          "branch": "master",
          "revision": "2d085513c48a17082859fede7e6530dfb971f554",
          "version": null
        }
      }
    ]
  },
  "version": 1
}
